
Microsoft Visual Studio Solution File, Format Version 12.00
# Visual Studio Version 16
VisualStudioVersion = 16.0.30225.117
MinimumVisualStudioVersion = 10.0.40219.1
Project("{FAE04EC0-301F-11D3-BF4B-00C04F79EFBC}") = "BethanysPieShop", "BethanysPieShop\BethanysPieShop.csproj", "{24805943-2579-41C0-90BC-0728E2ED043A}"
EndProject
Global
	GlobalSection(SolutionConfigurationPlatforms) = preSolution
		Debug|Any CPU = Debug|Any CPU
		Release|Any CPU = Release|Any CPU
	EndGlobalSection
	GlobalSection(ProjectConfigurationPlatforms) = postSolution
		{24805943-2579-41C0-90BC-0728E2ED043A}.Debug|Any CPU.ActiveCfg = Debug|Any CPU
		{24805943-2579-41C0-90BC-0728E2ED043A}.Debug|Any CPU.Build.0 = Debug|Any CPU
		{24805943-2579-41C0-90BC-0728E2ED043A}.Release|Any CPU.ActiveCfg = Release|Any CPU
		{24805943-2579-41C0-90BC-0728E2ED043A}.Release|Any CPU.Build.0 = Release|Any CPU
	EndGlobalSection
	GlobalSection(SolutionProperties) = preSolution
		HideSolutionNode = FALSE
	EndGlobalSection
	GlobalSection(ExtensibilityGlobals) = postSolution
		SolutionGuid = {77858BEA-F40D-4B4E-94CD-E77DA526F81D}
	EndGlobalSection
EndGlobal
